
Microsoft Visual Studio Solution File, Format Version 12.00
# Visual Studio 15
VisualStudioVersion = 15.0.26124.0
MinimumVisualStudioVersion = 15.0.26124.0
Project("{FAE04EC0-301F-11D3-BF4B-00C04F79EFBC}") = "Work3.Core", "Work3.Core\Work3.Core.csproj", "{399BA655-71BE-472B-BB23-B065A9B7FB99}"
EndProject
Project("{FAE04EC0-301F-11D3-BF4B-00C04F79EFBC}") = "Work3.Infrastructure", "Work3.Infrastructure\Work3.Infrastructure.csproj", "{C063DFB4-9084-4F30-937F-D5A7959F839D}"
EndProject
Project("{FAE04EC0-301F-11D3-BF4B-00C04F79EFBC}") = "Work3.WebApi", "Work3.WebApi\Work3.WebApi.csproj", "{FFF54120-803A-4346-969A-AAC2490A4086}"
EndProject
Project("{FAE04EC0-301F-11D3-BF4B-00C04F79EFBC}") = "Work3.Tests.Unit", "Work3.Tests.Unit\Work3.Tests.Unit.csproj", "{43046566-54DE-47EA-8ECC-0F2D06671537}"
EndProject
Global
	GlobalSection(SolutionConfigurationPlatforms) = preSolution
		Debug|Any CPU = Debug|Any CPU
		Debug|x64 = Debug|x64
		Debug|x86 = Debug|x86
		Release|Any CPU = Release|Any CPU
		Release|x64 = Release|x64
		Release|x86 = Release|x86
	EndGlobalSection
	GlobalSection(SolutionProperties) = preSolution
		HideSolutionNode = FALSE
	EndGlobalSection
	GlobalSection(ProjectConfigurationPlatforms) = postSolution
		{399BA655-71BE-472B-BB23-B065A9B7FB99}.Debug|Any CPU.ActiveCfg = Debug|Any CPU
		{399BA655-71BE-472B-BB23-B065A9B7FB99}.Debug|Any CPU.Build.0 = Debug|Any CPU
		{399BA655-71BE-472B-BB23-B065A9B7FB99}.Debug|x64.ActiveCfg = Debug|Any CPU
		{399BA655-71BE-472B-BB23-B065A9B7FB99}.Debug|x64.Build.0 = Debug|Any CPU
		{399BA655-71BE-472B-BB23-B065A9B7FB99}.Debug|x86.ActiveCfg = Debug|Any CPU
		{399BA655-71BE-472B-BB23-B065A9B7FB99}.Debug|x86.Build.0 = Debug|Any CPU
		{399BA655-71BE-472B-BB23-B065A9B7FB99}.Release|Any CPU.ActiveCfg = Release|Any CPU
		{399BA655-71BE-472B-BB23-B065A9B7FB99}.Release|Any CPU.Build.0 = Release|Any CPU
		{399BA655-71BE-472B-BB23-B065A9B7FB99}.Release|x64.ActiveCfg = Release|Any CPU
		{399BA655-71BE-472B-BB23-B065A9B7FB99}.Release|x64.Build.0 = Release|Any CPU
		{399BA655-71BE-472B-BB23-B065A9B7FB99}.Release|x86.ActiveCfg = Release|Any CPU
		{399BA655-71BE-472B-BB23-B065A9B7FB99}.Release|x86.Build.0 = Release|Any CPU
		{C063DFB4-9084-4F30-937F-D5A7959F839D}.Debug|Any CPU.ActiveCfg = Debug|Any CPU
		{C063DFB4-9084-4F30-937F-D5A7959F839D}.Debug|Any CPU.Build.0 = Debug|Any CPU
		{C063DFB4-9084-4F30-937F-D5A7959F839D}.Debug|x64.ActiveCfg = Debug|Any CPU
		{C063DFB4-9084-4F30-937F-D5A7959F839D}.Debug|x64.Build.0 = Debug|Any CPU
		{C063DFB4-9084-4F30-937F-D5A7959F839D}.Debug|x86.ActiveCfg = Debug|Any CPU
		{C063DFB4-9084-4F30-937F-D5A7959F839D}.Debug|x86.Build.0 = Debug|Any CPU
		{C063DFB4-9084-4F30-937F-D5A7959F839D}.Release|Any CPU.ActiveCfg = Release|Any CPU
		{C063DFB4-9084-4F30-937F-D5A7959F839D}.Release|Any CPU.Build.0 = Release|Any CPU
		{C063DFB4-9084-4F30-937F-D5A7959F839D}.Release|x64.ActiveCfg = Release|Any CPU
		{C063DFB4-9084-4F30-937F-D5A7959F839D}.Release|x64.Build.0 = Release|Any CPU
		{C063DFB4-9084-4F30-937F-D5A7959F839D}.Release|x86.ActiveCfg = Release|Any CPU
		{C063DFB4-9084-4F30-937F-D5A7959F839D}.Release|x86.Build.0 = Release|Any CPU
		{FFF54120-803A-4346-969A-AAC2490A4086}.Debug|Any CPU.ActiveCfg = Debug|Any CPU
		{FFF54120-803A-4346-969A-AAC2490A4086}.Debug|Any CPU.Build.0 = Debug|Any CPU
		{FFF54120-803A-4346-969A-AAC2490A4086}.Debug|x64.ActiveCfg = Debug|Any CPU
		{FFF54120-803A-4346-969A-AAC2490A4086}.Debug|x64.Build.0 = Debug|Any CPU
		{FFF54120-803A-4346-969A-AAC2490A4086}.Debug|x86.ActiveCfg = Debug|Any CPU
		{FFF54120-803A-4346-969A-AAC2490A4086}.Debug|x86.Build.0 = Debug|Any CPU
		{FFF54120-803A-4346-969A-AAC2490A4086}.Release|Any CPU.ActiveCfg = Release|Any CPU
		{FFF54120-803A-4346-969A-AAC2490A4086}.Release|Any CPU.Build.0 = Release|Any CPU
		{FFF54120-803A-4346-969A-AAC2490A4086}.Release|x64.ActiveCfg = Release|Any CPU
		{FFF54120-803A-4346-969A-AAC2490A4086}.Release|x64.Build.0 = Release|Any CPU
		{FFF54120-803A-4346-969A-AAC2490A4086}.Release|x86.ActiveCfg = Release|Any CPU
		{FFF54120-803A-4346-969A-AAC2490A4086}.Release|x86.Build.0 = Release|Any CPU
		{43046566-54DE-47EA-8ECC-0F2D06671537}.Debug|Any CPU.ActiveCfg = Debug|Any CPU
		{43046566-54DE-47EA-8ECC-0F2D06671537}.Debug|Any CPU.Build.0 = Debug|Any CPU
		{43046566-54DE-47EA-8ECC-0F2D06671537}.Debug|x64.ActiveCfg = Debug|Any CPU
		{43046566-54DE-47EA-8ECC-0F2D06671537}.Debug|x64.Build.0 = Debug|Any CPU
		{43046566-54DE-47EA-8ECC-0F2D06671537}.Debug|x86.ActiveCfg = Debug|Any CPU
		{43046566-54DE-47EA-8ECC-0F2D06671537}.Debug|x86.Build.0 = Debug|Any CPU
		{43046566-54DE-47EA-8ECC-0F2D06671537}.Release|Any CPU.ActiveCfg = Release|Any CPU
		{43046566-54DE-47EA-8ECC-0F2D06671537}.Release|Any CPU.Build.0 = Release|Any CPU
		{43046566-54DE-47EA-8ECC-0F2D06671537}.Release|x64.ActiveCfg = Release|Any CPU
		{43046566-54DE-47EA-8ECC-0F2D06671537}.Release|x64.Build.0 = Release|Any CPU
		{43046566-54DE-47EA-8ECC-0F2D06671537}.Release|x86.ActiveCfg = Release|Any CPU
		{43046566-54DE-47EA-8ECC-0F2D06671537}.Release|x86.Build.0 = Release|Any CPU
	EndGlobalSection
EndGlobal
